// !$*UTF8*$!
{
	archiveVersion = 1;
	classes = {
	};
	objectVersion = 55;
	objects = {

/* Begin PBXBuildFile section */
		44D50A7B28E5A81100533AE1 /* Carthage_DSignerClientsSDK.h in Headers */ = {isa = PBXBuildFile; fileRef = 44D50A7A28E5A81100533AE1 /* Carthage_DSignerClientsSDK.h */; settings = {ATTRIBUTES = (Public, ); }; };
		44D50A9228E5A84000533AE1 /* APIClient.swift in Sources */ = {isa = PBXBuildFile; fileRef = 44D50A8128E5A83F00533AE1 /* APIClient.swift */; };
		44D50A9328E5A84000533AE1 /* UpdateSignState.swift in Sources */ = {isa = PBXBuildFile; fileRef = 44D50A8228E5A83F00533AE1 /* UpdateSignState.swift */; };
		44D50A9428E5A84000533AE1 /* Endpoints.swift in Sources */ = {isa = PBXBuildFile; fileRef = 44D50A8328E5A83F00533AE1 /* Endpoints.swift */; };
		44D50A9528E5A84000533AE1 /* GetFilesOptions.swift in Sources */ = {isa = PBXBuildFile; fileRef = 44D50A8428E5A83F00533AE1 /* GetFilesOptions.swift */; };
		44D50A9628E5A84000533AE1 /* FileListItem.swift in Sources */ = {isa = PBXBuildFile; fileRef = 44D50A8628E5A83F00533AE1 /* FileListItem.swift */; };
		44D50A9728E5A84000533AE1 /* RejectFileResponse.swift in Sources */ = {isa = PBXBuildFile; fileRef = 44D50A8728E5A83F00533AE1 /* RejectFileResponse.swift */; };
		44D50A9828E5A84000533AE1 /* InitializationResponse.swift in Sources */ = {isa = PBXBuildFile; fileRef = 44D50A8828E5A83F00533AE1 /* InitializationResponse.swift */; };
		44D50A9928E5A84000533AE1 /* ResponseError.swift in Sources */ = {isa = PBXBuildFile; fileRef = 44D50A8928E5A83F00533AE1 /* ResponseError.swift */; };
		44D50A9A28E5A84000533AE1 /* SendFileEmailResponse.swift in Sources */ = {isa = PBXBuildFile; fileRef = 44D50A8A28E5A83F00533AE1 /* SendFileEmailResponse.swift */; };
		44D50A9B28E5A84000533AE1 /* UpdateSignResponse.swift in Sources */ = {isa = PBXBuildFile; fileRef = 44D50A8B28E5A83F00533AE1 /* UpdateSignResponse.swift */; };
		44D50A9C28E5A84000533AE1 /* GetFilesResponse.swift in Sources */ = {isa = PBXBuildFile; fileRef = 44D50A8C28E5A83F00533AE1 /* GetFilesResponse.swift */; };
		44D50A9D28E5A84000533AE1 /* ValidateUserResponse.swift in Sources */ = {isa = PBXBuildFile; fileRef = 44D50A8D28E5A83F00533AE1 /* ValidateUserResponse.swift */; };
		44D50A9E28E5A84000533AE1 /* ResponseStatus.swift in Sources */ = {isa = PBXBuildFile; fileRef = 44D50A8E28E5A84000533AE1 /* ResponseStatus.swift */; };
		44D50A9F28E5A84000533AE1 /* SignFileResponse.swift in Sources */ = {isa = PBXBuildFile; fileRef = 44D50A8F28E5A84000533AE1 /* SignFileResponse.swift */; };
		44D50AA028E5A84000533AE1 /* GetFileResponse.swift in Sources */ = {isa = PBXBuildFile; fileRef = 44D50A9028E5A84000533AE1 /* GetFileResponse.swift */; };
		44D50AA128E5A84000533AE1 /* UserEnrollmentState.swift in Sources */ = {isa = PBXBuildFile; fileRef = 44D50A9128E5A84000533AE1 /* UserEnrollmentState.swift */; };
		44D50AA428E5A92900533AE1 /* Alamofire.framework in Frameworks */ = {isa = PBXBuildFile; fileRef = 44D50AA328E5A92900533AE1 /* Alamofire.framework */; platformFilter = ios; };
		44D50AA528E5A92900533AE1 /* Alamofire.framework in Embed Frameworks */ = {isa = PBXBuildFile; fileRef = 44D50AA328E5A92900533AE1 /* Alamofire.framework */; platformFilter = ios; settings = {ATTRIBUTES = (CodeSignOnCopy, RemoveHeadersOnCopy, ); }; };
/* End PBXBuildFile section */

/* Begin PBXCopyFilesBuildPhase section */
		44D50AA628E5A92900533AE1 /* Embed Frameworks */ = {
			isa = PBXCopyFilesBuildPhase;
			buildActionMask = 2147483647;
			dstPath = "";
			dstSubfolderSpec = 10;
			files = (
				44D50AA528E5A92900533AE1 /* Alamofire.framework in Embed Frameworks */,
			);
			name = "Embed Frameworks";
			runOnlyForDeploymentPostprocessing = 0;
		};
/* End PBXCopyFilesBuildPhase section */

/* Begin PBXFileReference section */
		44D50A7728E5A81100533AE1 /* Carthage_DSignerClientsSDK.framework */ = {isa = PBXFileReference; explicitFileType = wrapper.framework; includeInIndex = 0; path = Carthage_DSignerClientsSDK.framework; sourceTree = BUILT_PRODUCTS_DIR; };
		44D50A7A28E5A81100533AE1 /* Carthage_DSignerClientsSDK.h */ = {isa = PBXFileReference; lastKnownFileType = sourcecode.c.h; path = Carthage_DSignerClientsSDK.h; sourceTree = "<group>"; };
		44D50A8128E5A83F00533AE1 /* APIClient.swift */ = {isa = PBXFileReference; fileEncoding = 4; lastKnownFileType = sourcecode.swift; path = APIClient.swift; sourceTree = "<group>"; };
		44D50A8228E5A83F00533AE1 /* UpdateSignState.swift */ = {isa = PBXFileReference; fileEncoding = 4; lastKnownFileType = sourcecode.swift; path = UpdateSignState.swift; sourceTree = "<group>"; };
		44D50A8328E5A83F00533AE1 /* Endpoints.swift */ = {isa = PBXFileReference; fileEncoding = 4; lastKnownFileType = sourcecode.swift; path = Endpoints.swift; sourceTree = "<group>"; };
		44D50A8428E5A83F00533AE1 /* GetFilesOptions.swift */ = {isa = PBXFileReference; fileEncoding = 4; lastKnownFileType = sourcecode.swift; path = GetFilesOptions.swift; sourceTree = "<group>"; };
		44D50A8628E5A83F00533AE1 /* FileListItem.swift */ = {isa = PBXFileReference; fileEncoding = 4; lastKnownFileType = sourcecode.swift; path = FileListItem.swift; sourceTree = "<group>"; };
		44D50A8728E5A83F00533AE1 /* RejectFileResponse.swift */ = {isa = PBXFileReference; fileEncoding = 4; lastKnownFileType = sourcecode.swift; path = RejectFileResponse.swift; sourceTree = "<group>"; };
		44D50A8828E5A83F00533AE1 /* InitializationResponse.swift */ = {isa = PBXFileReference; fileEncoding = 4; lastKnownFileType = sourcecode.swift; path = InitializationResponse.swift; sourceTree = "<group>"; };
		44D50A8928E5A83F00533AE1 /* ResponseError.swift */ = {isa = PBXFileReference; fileEncoding = 4; lastKnownFileType = sourcecode.swift; path = ResponseError.swift; sourceTree = "<group>"; };
		44D50A8A28E5A83F00533AE1 /* SendFileEmailResponse.swift */ = {isa = PBXFileReference; fileEncoding = 4; lastKnownFileType = sourcecode.swift; path = SendFileEmailResponse.swift; sourceTree = "<group>"; };
		44D50A8B28E5A83F00533AE1 /* UpdateSignResponse.swift */ = {isa = PBXFileReference; fileEncoding = 4; lastKnownFileType = sourcecode.swift; path = UpdateSignResponse.swift; sourceTree = "<group>"; };
		44D50A8C28E5A83F00533AE1 /* GetFilesResponse.swift */ = {isa = PBXFileReference; fileEncoding = 4; lastKnownFileType = sourcecode.swift; path = GetFilesResponse.swift; sourceTree = "<group>"; };
		44D50A8D28E5A83F00533AE1 /* ValidateUserResponse.swift */ = {isa = PBXFileReference; fileEncoding = 4; lastKnownFileType = sourcecode.swift; path = ValidateUserResponse.swift; sourceTree = "<group>"; };
		44D50A8E28E5A84000533AE1 /* ResponseStatus.swift */ = {isa = PBXFileReference; fileEncoding = 4; lastKnownFileType = sourcecode.swift; path = ResponseStatus.swift; sourceTree = "<group>"; };
		44D50A8F28E5A84000533AE1 /* SignFileResponse.swift */ = {isa = PBXFileReference; fileEncoding = 4; lastKnownFileType = sourcecode.swift; path = SignFileResponse.swift; sourceTree = "<group>"; };
		44D50A9028E5A84000533AE1 /* GetFileResponse.swift */ = {isa = PBXFileReference; fileEncoding = 4; lastKnownFileType = sourcecode.swift; path = GetFileResponse.swift; sourceTree = "<group>"; };
		44D50A9128E5A84000533AE1 /* UserEnrollmentState.swift */ = {isa = PBXFileReference; fileEncoding = 4; lastKnownFileType = sourcecode.swift; path = UserEnrollmentState.swift; sourceTree = "<group>"; };
		44D50AA328E5A92900533AE1 /* Alamofire.framework */ = {isa = PBXFileReference; lastKnownFileType = wrapper.framework; name = Alamofire.framework; path = Carthage/Build/iOS/Alamofire.framework; sourceTree = "<group>"; };
/* End PBXFileReference section */

/* Begin PBXFrameworksBuildPhase section */
		44D50A7428E5A81100533AE1 /* Frameworks */ = {
			isa = PBXFrameworksBuildPhase;
			buildActionMask = 2147483647;
			files = (
				44D50AA428E5A92900533AE1 /* Alamofire.framework in Frameworks */,
			);
			runOnlyForDeploymentPostprocessing = 0;
		};
/* End PBXFrameworksBuildPhase section */

/* Begin PBXGroup section */
		44D50A6D28E5A81100533AE1 = {
			isa = PBXGroup;
			children = (
				44D50A7928E5A81100533AE1 /* Carthage-DSignerClientsSDK */,
				44D50A7828E5A81100533AE1 /* Products */,
				44D50AA228E5A92900533AE1 /* Frameworks */,
			);
			sourceTree = "<group>";
		};
		44D50A7828E5A81100533AE1 /* Products */ = {
			isa = PBXGroup;
			children = (
				44D50A7728E5A81100533AE1 /* Carthage_DSignerClientsSDK.framework */,
			);
			name = Products;
			sourceTree = "<group>";
		};
		44D50A7928E5A81100533AE1 /* Carthage-DSignerClientsSDK */ = {
			isa = PBXGroup;
			children = (
				44D50A8128E5A83F00533AE1 /* APIClient.swift */,
				44D50A8328E5A83F00533AE1 /* Endpoints.swift */,
				44D50A8428E5A83F00533AE1 /* GetFilesOptions.swift */,
				44D50A8528E5A83F00533AE1 /* response */,
				44D50A8228E5A83F00533AE1 /* UpdateSignState.swift */,
				44D50A9128E5A84000533AE1 /* UserEnrollmentState.swift */,
				44D50A7A28E5A81100533AE1 /* Carthage_DSignerClientsSDK.h */,
			);
			path = "Carthage-DSignerClientsSDK";
			sourceTree = "<group>";
		};
		44D50A8528E5A83F00533AE1 /* response */ = {
			isa = PBXGroup;
			children = (
				44D50A8628E5A83F00533AE1 /* FileListItem.swift */,
				44D50A8728E5A83F00533AE1 /* RejectFileResponse.swift */,
				44D50A8828E5A83F00533AE1 /* InitializationResponse.swift */,
				44D50A8928E5A83F00533AE1 /* ResponseError.swift */,
				44D50A8A28E5A83F00533AE1 /* SendFileEmailResponse.swift */,
				44D50A8B28E5A83F00533AE1 /* UpdateSignResponse.swift */,
				44D50A8C28E5A83F00533AE1 /* GetFilesResponse.swift */,
				44D50A8D28E5A83F00533AE1 /* ValidateUserResponse.swift */,
				44D50A8E28E5A84000533AE1 /* ResponseStatus.swift */,
				44D50A8F28E5A84000533AE1 /* SignFileResponse.swift */,
				44D50A9028E5A84000533AE1 /* GetFileResponse.swift */,
			);
			path = response;
			sourceTree = "<group>";
		};
		44D50AA228E5A92900533AE1 /* Frameworks */ = {
			isa = PBXGroup;
			children = (
				44D50AA328E5A92900533AE1 /* Alamofire.framework */,
			);
			name = Frameworks;
			sourceTree = "<group>";
		};
/* End PBXGroup section */

/* Begin PBXHeadersBuildPhase section */
		44D50A7228E5A81100533AE1 /* Headers */ = {
			isa = PBXHeadersBuildPhase;
			buildActionMask = 2147483647;
			files = (
				44D50A7B28E5A81100533AE1 /* Carthage_DSignerClientsSDK.h in Headers */,
			);
			runOnlyForDeploymentPostprocessing = 0;
		};
/* End PBXHeadersBuildPhase section */

/* Begin PBXNativeTarget section */
		44D50A7628E5A81100533AE1 /* Carthage-DSignerClientsSDK */ = {
			isa = PBXNativeTarget;
			buildConfigurationList = 44D50A7E28E5A81100533AE1 /* Build configuration list for PBXNativeTarget "Carthage-DSignerClientsSDK" */;
			buildPhases = (
				44D50A7228E5A81100533AE1 /* Headers */,
				44D50A7328E5A81100533AE1 /* Sources */,
				44D50A7428E5A81100533AE1 /* Frameworks */,
				44D50A7528E5A81100533AE1 /* Resources */,
				44D50AA628E5A92900533AE1 /* Embed Frameworks */,
			);
			buildRules = (
			);
			dependencies = (
			);
			name = "Carthage-DSignerClientsSDK";
			productName = "Carthage-DSignerClientsSDK";
			productReference = 44D50A7728E5A81100533AE1 /* Carthage_DSignerClientsSDK.framework */;
			productType = "com.apple.product-type.framework";
		};
/* End PBXNativeTarget section */

/* Begin PBXProject section */
		44D50A6E28E5A81100533AE1 /* Project object */ = {
			isa = PBXProject;
			attributes = {
				BuildIndependentTargetsInParallel = 1;
				LastUpgradeCheck = 1340;
				TargetAttributes = {
					44D50A7628E5A81100533AE1 = {
						CreatedOnToolsVersion = 13.4.1;
						LastSwiftMigration = 1340;
					};
				};
			};
			buildConfigurationList = 44D50A7128E5A81100533AE1 /* Build configuration list for PBXProject "Carthage-DSignerClientsSDK" */;
			compatibilityVersion = "Xcode 13.0";
			developmentRegion = en;
			hasScannedForEncodings = 0;
			knownRegions = (
				en,
				Base,
			);
			mainGroup = 44D50A6D28E5A81100533AE1;
			productRefGroup = 44D50A7828E5A81100533AE1 /* Products */;
			projectDirPath = "";
			projectRoot = "";
			targets = (
				44D50A7628E5A81100533AE1 /* Carthage-DSignerClientsSDK */,
			);
		};
/* End PBXProject section */

/* Begin PBXResourcesBuildPhase section */
		44D50A7528E5A81100533AE1 /* Resources */ = {
			isa = PBXResourcesBuildPhase;
			buildActionMask = 2147483647;
			files = (
			);
			runOnlyForDeploymentPostprocessing = 0;
		};
/* End PBXResourcesBuildPhase section */

/* Begin PBXSourcesBuildPhase section */
		44D50A7328E5A81100533AE1 /* Sources */ = {
			isa = PBXSourcesBuildPhase;
			buildActionMask = 2147483647;
			files = (
				44D50A9828E5A84000533AE1 /* InitializationResponse.swift in Sources */,
				44D50A9D28E5A84000533AE1 /* ValidateUserResponse.swift in Sources */,
				44D50A9628E5A84000533AE1 /* FileListItem.swift in Sources */,
				44D50A9228E5A84000533AE1 /* APIClient.swift in Sources */,
				44D50AA128E5A84000533AE1 /* UserEnrollmentState.swift in Sources */,
				44D50A9A28E5A84000533AE1 /* SendFileEmailResponse.swift in Sources */,
				44D50A9428E5A84000533AE1 /* Endpoints.swift in Sources */,
				44D50A9328E5A84000533AE1 /* UpdateSignState.swift in Sources */,
				44D50A9B28E5A84000533AE1 /* UpdateSignResponse.swift in Sources */,
				44D50A9E28E5A84000533AE1 /* ResponseStatus.swift in Sources */,
				44D50A9C28E5A84000533AE1 /* GetFilesResponse.swift in Sources */,
				44D50A9528E5A84000533AE1 /* GetFilesOptions.swift in Sources */,
				44D50A9728E5A84000533AE1 /* RejectFileResponse.swift in Sources */,
				44D50AA028E5A84000533AE1 /* GetFileResponse.swift in Sources */,
				44D50A9928E5A84000533AE1 /* ResponseError.swift in Sources */,
				44D50A9F28E5A84000533AE1 /* SignFileResponse.swift in Sources */,
			);
			runOnlyForDeploymentPostprocessing = 0;
		};
/* End PBXSourcesBuildPhase section */

/* Begin XCBuildConfiguration section */
		44D50A7C28E5A81100533AE1 /* Debug */ = {
			isa = XCBuildConfiguration;
			buildSettings = {
				ALWAYS_SEARCH_USER_PATHS = NO;
				CLANG_ANALYZER_NONNULL = YES;
				CLANG_ANALYZER_NUMBER_OBJECT_CONVERSION = YES_AGGRESSIVE;
				CLANG_CXX_LANGUAGE_STANDARD = "gnu++17";
				CLANG_ENABLE_MODULES = YES;
				CLANG_ENABLE_OBJC_ARC = YES;
				CLANG_ENABLE_OBJC_WEAK = YES;
				CLANG_WARN_BLOCK_CAPTURE_AUTORELEASING = YES;
				CLANG_WARN_BOOL_CONVERSION = YES;
				CLANG_WARN_COMMA = YES;
				CLANG_WARN_CONSTANT_CONVERSION = YES;
				CLANG_WARN_DEPRECATED_OBJC_IMPLEMENTATIONS = YES;
				CLANG_WARN_DIRECT_OBJC_ISA_USAGE = YES_ERROR;
				CLANG_WARN_DOCUMENTATION_COMMENTS = YES;
				CLANG_WARN_EMPTY_BODY = YES;
				CLANG_WARN_ENUM_CONVERSION = YES;
				CLANG_WARN_INFINITE_RECURSION = YES;
				CLANG_WARN_INT_CONVERSION = YES;
				CLANG_WARN_NON_LITERAL_NULL_CONVERSION = YES;
				CLANG_WARN_OBJC_IMPLICIT_RETAIN_SELF = YES;
				CLANG_WARN_OBJC_LITERAL_CONVERSION = YES;
				CLANG_WARN_OBJC_ROOT_CLASS = YES_ERROR;
				CLANG_WARN_QUOTED_INCLUDE_IN_FRAMEWORK_HEADER = YES;
				CLANG_WARN_RANGE_LOOP_ANALYSIS = YES;
				CLANG_WARN_STRICT_PROTOTYPES = YES;
				CLANG_WARN_SUSPICIOUS_MOVE = YES;
				CLANG_WARN_UNGUARDED_AVAILABILITY = YES_AGGRESSIVE;
				CLANG_WARN_UNREACHABLE_CODE = YES;
				CLANG_WARN__DUPLICATE_METHOD_MATCH = YES;
				COPY_PHASE_STRIP = NO;
				CURRENT_PROJECT_VERSION = 1;
				DEBUG_INFORMATION_FORMAT = dwarf;
				ENABLE_STRICT_OBJC_MSGSEND = YES;
				ENABLE_TESTABILITY = YES;
				GCC_C_LANGUAGE_STANDARD = gnu11;
				GCC_DYNAMIC_NO_PIC = NO;
				GCC_NO_COMMON_BLOCKS = YES;
				GCC_OPTIMIZATION_LEVEL = 0;
				GCC_PREPROCESSOR_DEFINITIONS = (
					"DEBUG=1",
					"$(inherited)",
				);
				GCC_WARN_64_TO_32_BIT_CONVERSION = YES;
				GCC_WARN_ABOUT_RETURN_TYPE = YES_ERROR;
				GCC_WARN_UNDECLARED_SELECTOR = YES;
				GCC_WARN_UNINITIALIZED_AUTOS = YES_AGGRESSIVE;
				GCC_WARN_UNUSED_FUNCTION = YES;
				GCC_WARN_UNUSED_VARIABLE = YES;
				IPHONEOS_DEPLOYMENT_TARGET = 15.5;
				MTL_ENABLE_DEBUG_INFO = INCLUDE_SOURCE;
				MTL_FAST_MATH = YES;
				ONLY_ACTIVE_ARCH = YES;
				SDKROOT = iphoneos;
				SWIFT_ACTIVE_COMPILATION_CONDITIONS = DEBUG;
				SWIFT_OPTIMIZATION_LEVEL = "-Onone";
				VERSIONING_SYSTEM = "apple-generic";
				VERSION_INFO_PREFIX = "";
			};
			name = Debug;
		};
		44D50A7D28E5A81100533AE1 /* Release */ = {
			isa = XCBuildConfiguration;
			buildSettings = {
				ALWAYS_SEARCH_USER_PATHS = NO;
				CLANG_ANALYZER_NONNULL = YES;
				CLANG_ANALYZER_NUMBER_OBJECT_CONVERSION = YES_AGGRESSIVE;
				CLANG_CXX_LANGUAGE_STANDARD = "gnu++17";
				CLANG_ENABLE_MODULES = YES;
				CLANG_ENABLE_OBJC_ARC = YES;
				CLANG_ENABLE_OBJC_WEAK = YES;
				CLANG_WARN_BLOCK_CAPTURE_AUTORELEASING = YES;
				CLANG_WARN_BOOL_CONVERSION = YES;
				CLANG_WARN_COMMA = YES;
				CLANG_WARN_CONSTANT_CONVERSION = YES;
				CLANG_WARN_DEPRECATED_OBJC_IMPLEMENTATIONS = YES;
				CLANG_WARN_DIRECT_OBJC_ISA_USAGE = YES_ERROR;
				CLANG_WARN_DOCUMENTATION_COMMENTS = YES;
				CLANG_WARN_EMPTY_BODY = YES;
				CLANG_WARN_ENUM_CONVERSION = YES;
				CLANG_WARN_INFINITE_RECURSION = YES;
				CLANG_WARN_INT_CONVERSION = YES;
				CLANG_WARN_NON_LITERAL_NULL_CONVERSION = YES;
				CLANG_WARN_OBJC_IMPLICIT_RETAIN_SELF = YES;
				CLANG_WARN_OBJC_LITERAL_CONVERSION = YES;
				CLANG_WARN_OBJC_ROOT_CLASS = YES_ERROR;
				CLANG_WARN_QUOTED_INCLUDE_IN_FRAMEWORK_HEADER = YES;
				CLANG_WARN_RANGE_LOOP_ANALYSIS = YES;
				CLANG_WARN_STRICT_PROTOTYPES = YES;
				CLANG_WARN_SUSPICIOUS_MOVE = YES;
				CLANG_WARN_UNGUARDED_AVAILABILITY = YES_AGGRESSIVE;
				CLANG_WARN_UNREACHABLE_CODE = YES;
				CLANG_WARN__DUPLICATE_METHOD_MATCH = YES;
				COPY_PHASE_STRIP = NO;
				CURRENT_PROJECT_VERSION = 1;
				DEBUG_INFORMATION_FORMAT = "dwarf-with-dsym";
				ENABLE_NS_ASSERTIONS = NO;
				ENABLE_STRICT_OBJC_MSGSEND = YES;
				GCC_C_LANGUAGE_STANDARD = gnu11;
				GCC_NO_COMMON_BLOCKS = YES;
				GCC_WARN_64_TO_32_BIT_CONVERSION = YES;
				GCC_WARN_ABOUT_RETURN_TYPE = YES_ERROR;
				GCC_WARN_UNDECLARED_SELECTOR = YES;
				GCC_WARN_UNINITIALIZED_AUTOS = YES_AGGRESSIVE;
				GCC_WARN_UNUSED_FUNCTION = YES;
				GCC_WARN_UNUSED_VARIABLE = YES;
				IPHONEOS_DEPLOYMENT_TARGET = 15.5;
				MTL_ENABLE_DEBUG_INFO = NO;
				MTL_FAST_MATH = YES;
				SDKROOT = iphoneos;
				SWIFT_COMPILATION_MODE = wholemodule;
				SWIFT_OPTIMIZATION_LEVEL = "-O";
				VALIDATE_PRODUCT = YES;
				VERSIONING_SYSTEM = "apple-generic";
				VERSION_INFO_PREFIX = "";
			};
			name = Release;
		};
		44D50A7F28E5A81100533AE1 /* Debug */ = {
			isa = XCBuildConfiguration;
			buildSettings = {
				CLANG_ENABLE_MODULES = YES;
				CODE_SIGN_STYLE = Automatic;
				CURRENT_PROJECT_VERSION = 1;
				DEFINES_MODULE = YES;
				DEVELOPMENT_TEAM = S47624DG2M;
				DYLIB_COMPATIBILITY_VERSION = 1;
				DYLIB_CURRENT_VERSION = 1;
				DYLIB_INSTALL_NAME_BASE = "@rpath";
				FRAMEWORK_SEARCH_PATHS = (
					"$(inherited)",
					"$(PROJECT_DIR)/Carthage/Build/iOS",
				);
				GENERATE_INFOPLIST_FILE = YES;
				INFOPLIST_KEY_NSHumanReadableCopyright = "";
				INSTALL_PATH = "$(LOCAL_LIBRARY_DIR)/Frameworks";
				LD_RUNPATH_SEARCH_PATHS = (
					"$(inherited)",
					"@executable_path/Frameworks",
					"@loader_path/Frameworks",
				);
				MARKETING_VERSION = 1.0;
				PRODUCT_BUNDLE_IDENTIFIER = "com.develsystems.Carthage-DSignerClientsSDK";
				PRODUCT_NAME = "$(TARGET_NAME:c99extidentifier)";
				SKIP_INSTALL = YES;
				SWIFT_EMIT_LOC_STRINGS = YES;
				SWIFT_OPTIMIZATION_LEVEL = "-Onone";
				SWIFT_VERSION = 5.0;
				TARGETED_DEVICE_FAMILY = "1,2";
			};
			name = Debug;
		};
		44D50A8028E5A81100533AE1 /* Release */ = {
			isa = XCBuildConfiguration;
			buildSettings = {
				CLANG_ENABLE_MODULES = YES;
				CODE_SIGN_STYLE = Automatic;
				CURRENT_PROJECT_VERSION = 1;
				DEFINES_MODULE = YES;
				DEVELOPMENT_TEAM = S47624DG2M;
				DYLIB_COMPATIBILITY_VERSION = 1;
				DYLIB_CURRENT_VERSION = 1;
				DYLIB_INSTALL_NAME_BASE = "@rpath";
				FRAMEWORK_SEARCH_PATHS = (
					"$(inherited)",
					"$(PROJECT_DIR)/Carthage/Build/iOS",
				);
				GENERATE_INFOPLIST_FILE = YES;
				INFOPLIST_KEY_NSHumanReadableCopyright = "";
				INSTALL_PATH = "$(LOCAL_LIBRARY_DIR)/Frameworks";
				LD_RUNPATH_SEARCH_PATHS = (
					"$(inherited)",
					"@executable_path/Frameworks",
					"@loader_path/Frameworks",
				);
				MARKETING_VERSION = 1.0;
				PRODUCT_BUNDLE_IDENTIFIER = "com.develsystems.Carthage-DSignerClientsSDK";
				PRODUCT_NAME = "$(TARGET_NAME:c99extidentifier)";
				SKIP_INSTALL = YES;
				SWIFT_EMIT_LOC_STRINGS = YES;
				SWIFT_VERSION = 5.0;
				TARGETED_DEVICE_FAMILY = "1,2";
			};
			name = Release;
		};
/* End XCBuildConfiguration section */

/* Begin XCConfigurationList section */
		44D50A7128E5A81100533AE1 /* Build configuration list for PBXProject "Carthage-DSignerClientsSDK" */ = {
			isa = XCConfigurationList;
			buildConfigurations = (
				44D50A7C28E5A81100533AE1 /* Debug */,
				44D50A7D28E5A81100533AE1 /* Release */,
			);
			defaultConfigurationIsVisible = 0;
			defaultConfigurationName = Release;
		};
		44D50A7E28E5A81100533AE1 /* Build configuration list for PBXNativeTarget "Carthage-DSignerClientsSDK" */ = {
			isa = XCConfigurationList;
			buildConfigurations = (
				44D50A7F28E5A81100533AE1 /* Debug */,
				44D50A8028E5A81100533AE1 /* Release */,
			);
			defaultConfigurationIsVisible = 0;
			defaultConfigurationName = Release;
		};
/* End XCConfigurationList section */
	};
	rootObject = 44D50A6E28E5A81100533AE1 /* Project object */;
}
